
Microsoft Visual Studio Solution File, Format Version 12.00
# Visual Studio Version 16
VisualStudioVersion = 16.0.30717.126
MinimumVisualStudioVersion = 10.0.40219.1
Project("{8BC9CEB8-8B4A-11D0-8D11-00A0C91BC942}") = "AssemblyASM1", "AssemblyASM1\AssemblyASM1.vcxproj", "{18B50540-851C-47E0-80D7-7CAC1B7390AC}"
EndProject
Global
	GlobalSection(SolutionConfigurationPlatforms) = preSolution
		Debug|x64 = Debug|x64
		Debug|x86 = Debug|x86
		Release|x64 = Release|x64
		Release|x86 = Release|x86
	EndGlobalSection
	GlobalSection(ProjectConfigurationPlatforms) = postSolution
		{18B50540-851C-47E0-80D7-7CAC1B7390AC}.Debug|x64.ActiveCfg = Debug|x64
		{18B50540-851C-47E0-80D7-7CAC1B7390AC}.Debug|x64.Build.0 = Debug|x64
		{18B50540-851C-47E0-80D7-7CAC1B7390AC}.Debug|x86.ActiveCfg = Debug|Win32
		{18B50540-851C-47E0-80D7-7CAC1B7390AC}.Debug|x86.Build.0 = Debug|Win32
		{18B50540-851C-47E0-80D7-7CAC1B7390AC}.Release|x64.ActiveCfg = Release|x64
		{18B50540-851C-47E0-80D7-7CAC1B7390AC}.Release|x64.Build.0 = Release|x64
		{18B50540-851C-47E0-80D7-7CAC1B7390AC}.Release|x86.ActiveCfg = Release|Win32
		{18B50540-851C-47E0-80D7-7CAC1B7390AC}.Release|x86.Build.0 = Release|Win32
	EndGlobalSection
	GlobalSection(SolutionProperties) = preSolution
		HideSolutionNode = FALSE
	EndGlobalSection
	GlobalSection(ExtensibilityGlobals) = postSolution
		SolutionGuid = {D925CF85-0CDF-4414-AD17-FEF10AAA0713}
	EndGlobalSection
EndGlobal
